PODS:
  - Capacitor (7.6.7):
    - CapacitorCordova
  - CapacitorApp (7.1.2):
    - Capacitor
  - CapacitorCordova (7.6.7)

DEPENDENCIES:
  - "Capacitor (from `../../node_modules/@capacitor/ios`)"
  - "CapacitorApp (from `../../node_modules/@capacitor/app`)"
  - "CapacitorCordova (from `../../node_modules/@capacitor/ios`)"

EXTERNAL SOURCES:
  Capacitor:
    :path: "../../node_modules/@capacitor/ios"
  CapacitorApp:
    :path: "../../node_modules/@capacitor/app"
  CapacitorCordova:
    :path: "../../node_modules/@capacitor/ios"

SPEC CHECKSUMS:
  Capacitor: ee608ffbcf73b0030813d77ce8b10142f26cad4a
  CapacitorApp: 6b89831465d6bc99bc89779b1b7f5327e33011ce
  CapacitorCordova: 139e2ed3d91c54b5aeae7941135c9f9aefc6da1d

PODFILE CHECKSUM: 992ab7669c1ab6196b4f4288a1f54126040edd42

COCOAPODS: 1.9.3
